
Microsoft Visual Studio Solution File, Format Version 12.00
# Visual Studio Version 17
VisualStudioVersion = 17.5.33502.453
MinimumVisualStudioVersion = 10.0.40219.1
Project("{FAE04EC0-301F-11D3-BF4B-00C04F79EFBC}") = "Clases_herencia", "Clases_herencia\Clases_herencia.csproj", "{97838E71-BDDD-47A4-A426-EBF2EF4BF9FC}"
EndProject
Global
	GlobalSection(SolutionConfigurationPlatforms) = preSolution
		Debug|Any CPU = Debug|Any CPU
		Release|Any CPU = Release|Any CPU
	EndGlobalSection
	GlobalSection(ProjectConfigurationPlatforms) = postSolution
		{97838E71-BDDD-47A4-A426-EBF2EF4BF9FC}.Debug|Any CPU.ActiveCfg = Debug|Any CPU
		{97838E71-BDDD-47A4-A426-EBF2EF4BF9FC}.Debug|Any CPU.Build.0 = Debug|Any CPU
		{97838E71-BDDD-47A4-A426-EBF2EF4BF9FC}.Release|Any CPU.ActiveCfg = Release|Any CPU
		{97838E71-BDDD-47A4-A426-EBF2EF4BF9FC}.Release|Any CPU.Build.0 = Release|Any CPU
	EndGlobalSection
	GlobalSection(SolutionProperties) = preSolution
		HideSolutionNode = FALSE
	EndGlobalSection
	GlobalSection(ExtensibilityGlobals) = postSolution
		SolutionGuid = {24EA8446-B523-4F71-86D4-3D4D96C2F24C}
	EndGlobalSection
EndGlobal
